
Microsoft Visual Studio Solution File, Format Version 12.00
# Visual Studio Version 17
VisualStudioVersion = 17.14.36623.8
MinimumVisualStudioVersion = 10.0.40219.1
Project("{FAE04EC0-301F-11D3-BF4B-00C04F79EFBC}") = "stage0", "stage0\stage0.csproj", "{1D65D91A-1102-427A-938F-E7170F4D156B}"
EndProject
Project("{2150E333-8FDC-42A3-9474-1A3956D46DE8}") = "Solution Items", "Solution Items", "{8EC462FD-D22E-90A8-E5CE-7E832BA40C5D}"
	ProjectSection(SolutionItems) = preProject
		README.md = README.md
	EndProjectSection
EndProject
Project("{FAE04EC0-301F-11D3-BF4B-00C04F79EFBC}") = "DalFacade", "DalFacade\DalFacade.csproj", "{60A86839-F78D-4366-B042-3B642E7B05BF}"
EndProject
Project("{FAE04EC0-301F-11D3-BF4B-00C04F79EFBC}") = "DalList", "DalList\DalList.csproj", "{DBD71BDA-38E1-4150-B300-01B6A7CCC125}"
EndProject
Project("{FAE04EC0-301F-11D3-BF4B-00C04F79EFBC}") = "DalTest", "DalTest\DalTest.csproj", "{BC9B86F3-6CBC-47CB-85E6-BE44FBFDD606}"
EndProject
Global
	GlobalSection(SolutionConfigurationPlatforms) = preSolution
		Debug|Any CPU = Debug|Any CPU
		Release|Any CPU = Release|Any CPU
	EndGlobalSection
	GlobalSection(ProjectConfigurationPlatforms) = postSolution
		{1D65D91A-1102-427A-938F-E7170F4D156B}.Debug|Any CPU.ActiveCfg = Debug|Any CPU
		{1D65D91A-1102-427A-938F-E7170F4D156B}.Debug|Any CPU.Build.0 = Debug|Any CPU
		{1D65D91A-1102-427A-938F-E7170F4D156B}.Release|Any CPU.ActiveCfg = Release|Any CPU
		{1D65D91A-1102-427A-938F-E7170F4D156B}.Release|Any CPU.Build.0 = Release|Any CPU
		{60A86839-F78D-4366-B042-3B642E7B05BF}.Debug|Any CPU.ActiveCfg = Debug|Any CPU
		{60A86839-F78D-4366-B042-3B642E7B05BF}.Debug|Any CPU.Build.0 = Debug|Any CPU
		{60A86839-F78D-4366-B042-3B642E7B05BF}.Release|Any CPU.ActiveCfg = Release|Any CPU
		{60A86839-F78D-4366-B042-3B642E7B05BF}.Release|Any CPU.Build.0 = Release|Any CPU
		{DBD71BDA-38E1-4150-B300-01B6A7CCC125}.Debug|Any CPU.ActiveCfg = Debug|Any CPU
		{DBD71BDA-38E1-4150-B300-01B6A7CCC125}.Debug|Any CPU.Build.0 = Debug|Any CPU
		{DBD71BDA-38E1-4150-B300-01B6A7CCC125}.Release|Any CPU.ActiveCfg = Release|Any CPU
		{DBD71BDA-38E1-4150-B300-01B6A7CCC125}.Release|Any CPU.Build.0 = Release|Any CPU
		{BC9B86F3-6CBC-47CB-85E6-BE44FBFDD606}.Debug|Any CPU.ActiveCfg = Debug|Any CPU
		{BC9B86F3-6CBC-47CB-85E6-BE44FBFDD606}.Debug|Any CPU.Build.0 = Debug|Any CPU
		{BC9B86F3-6CBC-47CB-85E6-BE44FBFDD606}.Release|Any CPU.ActiveCfg = Release|Any CPU
		{BC9B86F3-6CBC-47CB-85E6-BE44FBFDD606}.Release|Any CPU.Build.0 = Release|Any CPU
	EndGlobalSection
	GlobalSection(SolutionProperties) = preSolution
		HideSolutionNode = FALSE
	EndGlobalSection
	GlobalSection(ExtensibilityGlobals) = postSolution
		SolutionGuid = {8DA4D2A6-3DDA-469C-8736-71A5DFC9FDBF}
	EndGlobalSection
EndGlobal
